
Microsoft Visual Studio Solution File, Format Version 12.00
# Visual Studio Version 16
VisualStudioVersion = 16.0.30011.22
MinimumVisualStudioVersion = 10.0.40219.1
Project("{FAE04EC0-301F-11D3-BF4B-00C04F79EFBC}") = "Assessment 2", "Assessment 2\Assessment 2.csproj", "{4CD924AA-17F0-4531-8677-5DA650ED6607}"
EndProject
Global
	GlobalSection(SolutionConfigurationPlatforms) = preSolution
		Debug|Any CPU = Debug|Any CPU
		Release|Any CPU = Release|Any CPU
	EndGlobalSection
	GlobalSection(ProjectConfigurationPlatforms) = postSolution
		{4CD924AA-17F0-4531-8677-5DA650ED6607}.Debug|Any CPU.ActiveCfg = Debug|Any CPU
		{4CD924AA-17F0-4531-8677-5DA650ED6607}.Debug|Any CPU.Build.0 = Debug|Any CPU
		{4CD924AA-17F0-4531-8677-5DA650ED6607}.Release|Any CPU.ActiveCfg = Release|Any CPU
		{4CD924AA-17F0-4531-8677-5DA650ED6607}.Release|Any CPU.Build.0 = Release|Any CPU
	EndGlobalSection
	GlobalSection(SolutionProperties) = preSolution
		HideSolutionNode = FALSE
	EndGlobalSection
	GlobalSection(ExtensibilityGlobals) = postSolution
		SolutionGuid = {D2D9D838-E0BB-4DFF-8194-10EB533C3BB8}
	EndGlobalSection
EndGlobal
